
Microsoft Visual Studio Solution File, Format Version 12.00
# Visual Studio Version 17
VisualStudioVersion = 17.13.35919.96 d17.13
MinimumVisualStudioVersion = 10.0.40219.1
Project("{FAE04EC0-301F-11D3-BF4B-00C04F79EFBC}") = "PustokApp", "PustokApp\PustokApp.csproj", "{0F4391BA-4464-4537-8AF2-DF2B1EFDB2AE}"
EndProject
Global
	GlobalSection(SolutionConfigurationPlatforms) = preSolution
		Debug|Any CPU = Debug|Any CPU
		Release|Any CPU = Release|Any CPU
	EndGlobalSection
	GlobalSection(ProjectConfigurationPlatforms) = postSolution
		{0F4391BA-4464-4537-8AF2-DF2B1EFDB2AE}.Debug|Any CPU.ActiveCfg = Debug|Any CPU
		{0F4391BA-4464-4537-8AF2-DF2B1EFDB2AE}.Debug|Any CPU.Build.0 = Debug|Any CPU
		{0F4391BA-4464-4537-8AF2-DF2B1EFDB2AE}.Release|Any CPU.ActiveCfg = Release|Any CPU
		{0F4391BA-4464-4537-8AF2-DF2B1EFDB2AE}.Release|Any CPU.Build.0 = Release|Any CPU
	EndGlobalSection
	GlobalSection(SolutionProperties) = preSolution
		HideSolutionNode = FALSE
	EndGlobalSection
	GlobalSection(ExtensibilityGlobals) = postSolution
		SolutionGuid = {05015025-7C15-4DAC-9FDA-A9470D1D02E9}
	EndGlobalSection
EndGlobal
